
Microsoft Visual Studio Solution File, Format Version 12.00
# Visual Studio Version 16
VisualStudioVersion = 16.0.32106.194
MinimumVisualStudioVersion = 10.0.40219.1
Project("{9A19103F-16F7-4668-BE54-9A1E7A4F7556}") = "FirstAPI", "FirstAPI\FirstAPI.csproj", "{98FC351C-230A-4ABB-9CF6-79EEDCF96A9F}"
EndProject
Project("{FAE04EC0-301F-11D3-BF4B-00C04F79EFBC}") = "FirstAPITests", "FirstAPITests\FirstAPITests.csproj", "{A54E72F2-0A39-4770-87B0-964AD169D1E6}"
EndProject
Global
	GlobalSection(SolutionConfigurationPlatforms) = preSolution
		Debug|Any CPU = Debug|Any CPU
		Release|Any CPU = Release|Any CPU
	EndGlobalSection
	GlobalSection(ProjectConfigurationPlatforms) = postSolution
		{98FC351C-230A-4ABB-9CF6-79EEDCF96A9F}.Debug|Any CPU.ActiveCfg = Debug|Any CPU
		{98FC351C-230A-4ABB-9CF6-79EEDCF96A9F}.Debug|Any CPU.Build.0 = Debug|Any CPU
		{98FC351C-230A-4ABB-9CF6-79EEDCF96A9F}.Release|Any CPU.ActiveCfg = Release|Any CPU
		{98FC351C-230A-4ABB-9CF6-79EEDCF96A9F}.Release|Any CPU.Build.0 = Release|Any CPU
		{A54E72F2-0A39-4770-87B0-964AD169D1E6}.Debug|Any CPU.ActiveCfg = Debug|Any CPU
		{A54E72F2-0A39-4770-87B0-964AD169D1E6}.Debug|Any CPU.Build.0 = Debug|Any CPU
		{A54E72F2-0A39-4770-87B0-964AD169D1E6}.Release|Any CPU.ActiveCfg = Release|Any CPU
		{A54E72F2-0A39-4770-87B0-964AD169D1E6}.Release|Any CPU.Build.0 = Release|Any CPU
	EndGlobalSection
	GlobalSection(SolutionProperties) = preSolution
		HideSolutionNode = FALSE
	EndGlobalSection
	GlobalSection(ExtensibilityGlobals) = postSolution
		SolutionGuid = {2D320DAD-210A-4D35-A57B-3AA7A5863C4F}
	EndGlobalSection
EndGlobal
